# Snapshot of the verified Python 3.10 environment (including transitive dependencies).
# Install with: python -m pip install -r requirements.lock
brotli==1.2.0
certifi==2026.7.22
charset-normalizer==3.5.1
idna==3.20
mutagen==1.48.1
pillow==12.3.0
pycryptodomex==3.23.0
requests==2.34.2
tomli==2.2.1
urllib3==2.8.0
websockets==16.1.1
yt-dlp[default]==2026.8.19
yt-dlp-ejs==0.8.0
ytmusicapi==1.12.3
